
Microsoft Visual Studio Solution File, Format Version 12.00
# Visual Studio Version 17
VisualStudioVersion = 17.0.31903.59
MinimumVisualStudioVersion = 10.0.40219.1
Project("{FAE04EC0-301F-11D3-BF4B-00C04F79EFBC}") = "PianoPractice.Desktop", "PianoPractice.Desktop\PianoPractice.Desktop.csproj", "{58EC0C5B-1D9C-4E49-816A-1E371573DA97}"
EndProject
Project("{FAE04EC0-301F-11D3-BF4B-00C04F79EFBC}") = "PianoPractice.ParserSmoke", "PianoPractice.ParserSmoke\PianoPractice.ParserSmoke.csproj", "{ACB9BA19-941D-4116-AB95-CB4A7046D473}"
EndProject
Project("{FAE04EC0-301F-11D3-BF4B-00C04F79EFBC}") = "PianoPractice.SimulationSmoke", "PianoPractice.SimulationSmoke\PianoPractice.SimulationSmoke.csproj", "{C946FB91-F136-4D11-8AF0-6F62D9F9890A}"
EndProject
Global
	GlobalSection(SolutionConfigurationPlatforms) = preSolution
		Debug|Any CPU = Debug|Any CPU
		Debug|x64 = Debug|x64
		Debug|x86 = Debug|x86
		Release|Any CPU = Release|Any CPU
		Release|x64 = Release|x64
		Release|x86 = Release|x86
	EndGlobalSection
	GlobalSection(ProjectConfigurationPlatforms) = postSolution
		{58EC0C5B-1D9C-4E49-816A-1E371573DA97}.Debug|Any CPU.ActiveCfg = Debug|Any CPU
		{58EC0C5B-1D9C-4E49-816A-1E371573DA97}.Debug|Any CPU.Build.0 = Debug|Any CPU
		{58EC0C5B-1D9C-4E49-816A-1E371573DA97}.Debug|x64.ActiveCfg = Debug|Any CPU
		{58EC0C5B-1D9C-4E49-816A-1E371573DA97}.Debug|x64.Build.0 = Debug|Any CPU
		{58EC0C5B-1D9C-4E49-816A-1E371573DA97}.Debug|x86.ActiveCfg = Debug|Any CPU
		{58EC0C5B-1D9C-4E49-816A-1E371573DA97}.Debug|x86.Build.0 = Debug|Any CPU
		{58EC0C5B-1D9C-4E49-816A-1E371573DA97}.Release|Any CPU.ActiveCfg = Release|Any CPU
		{58EC0C5B-1D9C-4E49-816A-1E371573DA97}.Release|Any CPU.Build.0 = Release|Any CPU
		{58EC0C5B-1D9C-4E49-816A-1E371573DA97}.Release|x64.ActiveCfg = Release|Any CPU
		{58EC0C5B-1D9C-4E49-816A-1E371573DA97}.Release|x64.Build.0 = Release|Any CPU
		{58EC0C5B-1D9C-4E49-816A-1E371573DA97}.Release|x86.ActiveCfg = Release|Any CPU
		{58EC0C5B-1D9C-4E49-816A-1E371573DA97}.Release|x86.Build.0 = Release|Any CPU
		{ACB9BA19-941D-4116-AB95-CB4A7046D473}.Debug|Any CPU.ActiveCfg = Debug|Any CPU
		{ACB9BA19-941D-4116-AB95-CB4A7046D473}.Debug|Any CPU.Build.0 = Debug|Any CPU
		{ACB9BA19-941D-4116-AB95-CB4A7046D473}.Debug|x64.ActiveCfg = Debug|Any CPU
		{ACB9BA19-941D-4116-AB95-CB4A7046D473}.Debug|x64.Build.0 = Debug|Any CPU
		{ACB9BA19-941D-4116-AB95-CB4A7046D473}.Debug|x86.ActiveCfg = Debug|Any CPU
		{ACB9BA19-941D-4116-AB95-CB4A7046D473}.Debug|x86.Build.0 = Debug|Any CPU
		{ACB9BA19-941D-4116-AB95-CB4A7046D473}.Release|Any CPU.ActiveCfg = Release|Any CPU
		{ACB9BA19-941D-4116-AB95-CB4A7046D473}.Release|Any CPU.Build.0 = Release|Any CPU
		{ACB9BA19-941D-4116-AB95-CB4A7046D473}.Release|x64.ActiveCfg = Release|Any CPU
		{ACB9BA19-941D-4116-AB95-CB4A7046D473}.Release|x64.Build.0 = Release|Any CPU
		{ACB9BA19-941D-4116-AB95-CB4A7046D473}.Release|x86.ActiveCfg = Release|Any CPU
		{ACB9BA19-941D-4116-AB95-CB4A7046D473}.Release|x86.Build.0 = Release|Any CPU
		{C946FB91-F136-4D11-8AF0-6F62D9F9890A}.Debug|Any CPU.ActiveCfg = Debug|Any CPU
		{C946FB91-F136-4D11-8AF0-6F62D9F9890A}.Debug|Any CPU.Build.0 = Debug|Any CPU
		{C946FB91-F136-4D11-8AF0-6F62D9F9890A}.Debug|x64.ActiveCfg = Debug|Any CPU
		{C946FB91-F136-4D11-8AF0-6F62D9F9890A}.Debug|x64.Build.0 = Debug|Any CPU
		{C946FB91-F136-4D11-8AF0-6F62D9F9890A}.Debug|x86.ActiveCfg = Debug|Any CPU
		{C946FB91-F136-4D11-8AF0-6F62D9F9890A}.Debug|x86.Build.0 = Debug|Any CPU
		{C946FB91-F136-4D11-8AF0-6F62D9F9890A}.Release|Any CPU.ActiveCfg = Release|Any CPU
		{C946FB91-F136-4D11-8AF0-6F62D9F9890A}.Release|Any CPU.Build.0 = Release|Any CPU
		{C946FB91-F136-4D11-8AF0-6F62D9F9890A}.Release|x64.ActiveCfg = Release|Any CPU
		{C946FB91-F136-4D11-8AF0-6F62D9F9890A}.Release|x64.Build.0 = Release|Any CPU
		{C946FB91-F136-4D11-8AF0-6F62D9F9890A}.Release|x86.ActiveCfg = Release|Any CPU
		{C946FB91-F136-4D11-8AF0-6F62D9F9890A}.Release|x86.Build.0 = Release|Any CPU
	EndGlobalSection
	GlobalSection(SolutionProperties) = preSolution
		HideSolutionNode = FALSE
	EndGlobalSection
EndGlobal
